
Microsoft Visual Studio Solution File, Format Version 12.00
# Visual Studio 2015
Project("{FAE04EC0-301F-11D3-BF4B-00C04F79EFBC}") = "Match3Z", "Match3Z.csproj", "{4F206F94-8F56-1C42-A8DF-50E62FD0B27B}"
EndProject
Global
	GlobalSection(SolutionConfigurationPlatforms) = preSolution
		Debug|Any CPU = Debug|Any CPU
		Release|Any CPU = Release|Any CPU
	EndGlobalSection
	GlobalSection(ProjectConfigurationPlatforms) = postSolution
		{4F206F94-8F56-1C42-A8DF-50E62FD0B27B}.Debug|Any CPU.ActiveCfg = Debug|Any CPU
		{4F206F94-8F56-1C42-A8DF-50E62FD0B27B}.Debug|Any CPU.Build.0 = Debug|Any CPU
		{4F206F94-8F56-1C42-A8DF-50E62FD0B27B}.Release|Any CPU.ActiveCfg = Release|Any CPU
		{4F206F94-8F56-1C42-A8DF-50E62FD0B27B}.Release|Any CPU.Build.0 = Release|Any CPU
	EndGlobalSection
	GlobalSection(SolutionProperties) = preSolution
		HideSolutionNode = FALSE
	EndGlobalSection
EndGlobal
